
Microsoft Visual Studio Solution File, Format Version 12.00
# Visual Studio Version 16
VisualStudioVersion = 16.0.28803.156
MinimumVisualStudioVersion = 10.0.40219.1
Project("{FAE04EC0-301F-11D3-BF4B-00C04F79EFBC}") = "ProdCode", "DesignPatterns\ProdCode.csproj", "{1677E0BC-9CC6-4DCA-BB1C-B04993BEEE54}"
EndProject
Project("{9A19103F-16F7-4668-BE54-9A1E7A4F7556}") = "NUnitTests", "NUnitTestProject1\NUnitTests.csproj", "{3788492E-3263-467B-94CE-872015F127D8}"
EndProject
Project("{9A19103F-16F7-4668-BE54-9A1E7A4F7556}") = "XUnitTests", "XUnitTestProject1\XUnitTests.csproj", "{835FBD69-6B78-4237-9386-3E53649172CA}"
EndProject
Global
	GlobalSection(SolutionConfigurationPlatforms) = preSolution
		Debug|Any CPU = Debug|Any CPU
		Release|Any CPU = Release|Any CPU
	EndGlobalSection
	GlobalSection(ProjectConfigurationPlatforms) = postSolution
		{1677E0BC-9CC6-4DCA-BB1C-B04993BEEE54}.Debug|Any CPU.ActiveCfg = Debug|Any CPU
		{1677E0BC-9CC6-4DCA-BB1C-B04993BEEE54}.Debug|Any CPU.Build.0 = Debug|Any CPU
		{1677E0BC-9CC6-4DCA-BB1C-B04993BEEE54}.Release|Any CPU.ActiveCfg = Release|Any CPU
		{1677E0BC-9CC6-4DCA-BB1C-B04993BEEE54}.Release|Any CPU.Build.0 = Release|Any CPU
		{3788492E-3263-467B-94CE-872015F127D8}.Debug|Any CPU.ActiveCfg = Debug|Any CPU
		{3788492E-3263-467B-94CE-872015F127D8}.Debug|Any CPU.Build.0 = Debug|Any CPU
		{3788492E-3263-467B-94CE-872015F127D8}.Release|Any CPU.ActiveCfg = Release|Any CPU
		{3788492E-3263-467B-94CE-872015F127D8}.Release|Any CPU.Build.0 = Release|Any CPU
		{835FBD69-6B78-4237-9386-3E53649172CA}.Debug|Any CPU.ActiveCfg = Debug|Any CPU
		{835FBD69-6B78-4237-9386-3E53649172CA}.Debug|Any CPU.Build.0 = Debug|Any CPU
		{835FBD69-6B78-4237-9386-3E53649172CA}.Release|Any CPU.ActiveCfg = Release|Any CPU
		{835FBD69-6B78-4237-9386-3E53649172CA}.Release|Any CPU.Build.0 = Release|Any CPU
	EndGlobalSection
	GlobalSection(SolutionProperties) = preSolution
		HideSolutionNode = FALSE
	EndGlobalSection
	GlobalSection(ExtensibilityGlobals) = postSolution
		SolutionGuid = {56BB1BD1-167D-4EFD-B088-974CB5883186}
	EndGlobalSection
EndGlobal
